version = 1
revision = 2
requires-python = ">=3.11"

[[package]]
name = "beancount"
version = "3.2.0"
source = { registry = "https://us-python.pkg.dev/artifact-foundry-prod/ah-3p-staging-python/simple/" }
dependencies = [
    { name = "click" },
    { name = "python-dateutil" },
    { name = "regex" },
]
sdist = { url = "https://us-python.pkg.dev/artifact-foundry-prod/ah-3p-staging-python/beancount/beancount-3.2.0.tar.gz", hash = "sha256:9f374bdcbae63328d8a0cf6d539490f81caa647f2d1cc92c9fa6117a9eb092ca" }
wheels = [
    { url = "https://us-python.pkg.dev/artifact-foundry-prod/ah-3p-staging-python/beancount/beancount-3.2.0-cp311-cp311-macosx_10_9_x86_64.whl", hash = "sha256:73ee8484fd022d4849683a5f5ed8dbae558a57881983a7ad795853756eb29b3f" },
    { url = "https://us-python.pkg.dev/artifact-foundry-prod/ah-3p-staging-python/beancount/beancount-3.2.0-cp311-cp311-macosx_11_0_arm64.whl", hash = "sha256:49717b15321d2c22705aec4fed82055ede16e39a09b7d0d6d767230880ffce8c" },
    { url = "https://us-python.pkg.dev/artifact-foundry-prod/ah-3p-staging-python/beancount/beancount-3.2.0-cp311-cp311-manylinux_2_17_aarch64.manylinux2014_aarch64.whl", hash = "sha256:d71ab251daa65eab0842570d36fce33d5eb9ac8d35c8f4ced351fa9f2b36d480" },
    { url = "https://us-python.pkg.dev/artifact-foundry-prod/ah-3p-staging-python/beancount/beancount-3.2.0-cp311-cp311-manylinux_2_17_x86_64.manylinux2014_x86_64.whl", hash = "sha256:2b34378d1615a97c39572d4451856599310acf8ab7abbb13b31161451ec8c092" },
    { url = "https://us-python.pkg.dev/artifact-foundry-prod/ah-3p-staging-python/beancount/beancount-3.2.0-cp311-cp311-win32.whl", hash = "sha256:c6f4f7709864093ff6878721bcbd4e1b2037a06d93bd5b874bd2ab41e7c86d35" },
    { url = "https://us-python.pkg.dev/artifact-foundry-prod/ah-3p-staging-python/beancount/beancount-3.2.0-cp311-cp311-win_amd64.whl", hash = "sha256:5be26b2bd9d14fc81631b7abf998eb39779af10168f0454eb182ecc5f93df199" },
    { url = "https://us-python.pkg.dev/artifact-foundry-prod/ah-3p-staging-python/beancount/beancount-3.2.0-cp312-cp312-macosx_10_13_x86_64.whl", hash = "sha256:4e389663d88cef83fc7aaa99818d643f2ff06b2d5d14522d493c7664378d170a" },
    { url = "https://us-python.pkg.dev/artifact-foundry-prod/ah-3p-staging-python/beancount/beancount-3.2.0-cp312-cp312-macosx_11_0_arm64.whl", hash = "sha256:5f03dea7d4f7988a05cd808751f43aa5ef478c04e4af18c980c8f9eafa314041" },
    { url = "https://us-python.pkg.dev/artifact-foundry-prod/ah-3p-staging-python/beancount/beancount-3.2.0-cp312-cp312-manylinux_2_17_aarch64.manylinux2014_aarch64.whl", hash = "sha256:36c27bf2594badf22b1fb0542b3caa724a99e0ff1cc59b7e975e6566474242fc" },
    { url = "https://us-python.pkg.dev/artifact-foundry-prod/ah-3p-staging-python/beancount/beancount-3.2.0-cp312-cp312-manylinux_2_17_x86_64.manylinux2014_x86_64.whl", hash = "sha256:56fa547284b9f521c2eed92537dc81a9eac3a12f889b569609c6c466c13e162f" },
    { url = "https://us-python.pkg.dev/artifact-foundry-prod/ah-3p-staging-python/beancount/beancount-3.2.0-cp312-cp312-win32.whl", hash = "sha256:73238ae714e74bb2284f6d751091db4e8dfaf3fba26497ce197bf2091c8b48ce" },
    { url = "https://us-python.pkg.dev/artifact-foundry-prod/ah-3p-staging-python/beancount/beancount-3.2.0-cp312-cp312-win_amd64.whl", hash = "sha256:ac098b7e8cf6d6aaabb32c240128f4fbdbcb4f96414c6ec0328513a7f3b2c653" },
    { url = "https://us-python.pkg.dev/artifact-foundry-prod/ah-3p-staging-python/beancount/beancount-3.2.0-cp313-cp313-macosx_10_13_x86_64.whl", hash = "sha256:ca9750ebc6650b19dcb94ef8d2856caf464419672e281ee09a78fc5d5abb4466" },
    { url = "https://us-python.pkg.dev/artifact-foundry-prod/ah-3p-staging-python/beancount/beancount-3.2.0-cp313-cp313-macosx_11_0_arm64.whl", hash = "sha256:38f90a5b1051719747b622868455ffd51b5bd64139e2e905a5f191f78009aef4" },
    { url = "https://us-python.pkg.dev/artifact-foundry-prod/ah-3p-staging-python/beancount/beancount-3.2.0-cp313-cp313-manylinux_2_17_aarch64.manylinux2014_aarch64.whl", hash = "sha256:0cd05d55902ffcca310bf437d2afe6993a23feb564bf867a8069b260265dd207" },
    { url = "https://us-python.pkg.dev/artifact-foundry-prod/ah-3p-staging-python/beancount/beancount-3.2.0-cp313-cp313-manylinux_2_17_x86_64.manylinux2014_x86_64.whl", hash = "sha256:af64ff2aa2f6157f9fa644591e220d341a21d727cf21df79d20581427dae10ba" },
    { url = "https://us-python.pkg.dev/artifact-foundry-prod/ah-3p-staging-python/beancount/beancount-3.2.0-cp313-cp313-win32.whl", hash = "sha256:575e3fcc5d23ad3455f291b08f2ca4e428ec75ccd943a63b9c0c8c648dd0ab93" },
    { url = "https://us-python.pkg.dev/artifact-foundry-prod/ah-3p-staging-python/beancount/beancount-3.2.0-cp313-cp313-win_amd64.whl", hash = "sha256:89adb972428276b94b798a75128c8b8dd938ef6f9ce6e62c32c06649c758e859" },
]

[[package]]
name = "beancount-protobuf"
version = "0.1.0"
source = { virtual = "." }
dependencies = [
    { name = "beancount" },
    { name = "mypy-protobuf" },
    { name = "protobuf" },
    { name = "types-protobuf" },
]

[package.dev-dependencies]
dev = [
    { name = "types-protobuf" },
]

[package.metadata]
requires-dist = [
    { name = "beancount", specifier = ">=3.2.0" },
    { name = "mypy-protobuf", specifier = ">=5.0.0" },
    { name = "protobuf", specifier = ">=7.34.1" },
    { name = "types-protobuf", specifier = ">=7.34.1.20260408" },
]

[package.metadata.requires-dev]
dev = [{ name = "types-protobuf", specifier = ">=7.34.1.20260408" }]

[[package]]
name = "click"
version = "8.3.3"
source = { registry = "https://us-python.pkg.dev/artifact-foundry-prod/ah-3p-staging-python/simple/" }
dependencies = [
    { name = "colorama", marker = "sys_platform == 'win32'" },
]
sdist = { url = "https://us-python.pkg.dev/artifact-foundry-prod/ah-3p-staging-python/click/click-8.3.3.tar.gz", hash = "sha256:398329ad4837b2ff7cbe1dd166a4c0f8900c3ca3a218de04466f38f6497f18a2" }
wheels = [
    { url = "https://us-python.pkg.dev/artifact-foundry-prod/ah-3p-staging-python/click/click-8.3.3-py3-none-any.whl", hash = "sha256:a2bf429bb3033c89fa4936ffb35d5cb471e3719e1f3c8a7c3fff0b8314305613" },
]

[[package]]
name = "colorama"
version = "0.4.6"
source = { registry = "https://us-python.pkg.dev/artifact-foundry-prod/ah-3p-staging-python/simple/" }
sdist = { url = "https://us-python.pkg.dev/artifact-foundry-prod/ah-3p-staging-python/colorama/colorama-0.4.6.tar.gz", hash = "sha256:08695f5cb7ed6e0531a20572697297273c47b8cae5a63ffc6d6ed5c201be6e44" }
wheels = [
    { url = "https://us-python.pkg.dev/artifact-foundry-prod/ah-3p-staging-python/colorama/colorama-0.4.6-py2.py3-none-any.whl", hash = "sha256:4f1d9991f5acc0ca119f9d443620b77f9d6b33703e51011c16baf57afb285fc6" },
]

[[package]]
name = "mypy-protobuf"
version = "5.0.0"
source = { registry = "https://us-python.pkg.dev/artifact-foundry-prod/ah-3p-staging-python/simple/" }
dependencies = [
    { name = "protobuf" },
    { name = "types-protobuf" },
]
sdist = { url = "https://us-python.pkg.dev/artifact-foundry-prod/ah-3p-staging-python/mypy-protobuf/mypy_protobuf-5.0.0.tar.gz", hash = "sha256:6fdd1cfdbb4419c713291d800a332d4bba6510dbd1341ed95e0bcc82fcadb6b5" }
wheels = [
    { url = "https://us-python.pkg.dev/artifact-foundry-prod/ah-3p-staging-python/mypy-protobuf/mypy_protobuf-5.0.0-py3-none-any.whl", hash = "sha256:3a7dd753ef3e3b8783a824eb51f07983f62812f9ec066e4fbb1b22d6c5dc36d0" },
]

[[package]]
name = "protobuf"
version = "7.34.1"
source = { registry = "https://us-python.pkg.dev/artifact-foundry-prod/ah-3p-staging-python/simple/" }
sdist = { url = "https://us-python.pkg.dev/artifact-foundry-prod/ah-3p-staging-python/protobuf/protobuf-7.34.1.tar.gz", hash = "sha256:9ce42245e704cc5027be797c1db1eb93184d44d1cdd71811fb2d9b25ad541280" }
wheels = [
    { url = "https://us-python.pkg.dev/artifact-foundry-prod/ah-3p-staging-python/protobuf/protobuf-7.34.1-cp310-abi3-macosx_10_9_universal2.whl", hash = "sha256:d8b2cc79c4d8f62b293ad9b11ec3aebce9af481fa73e64556969f7345ebf9fc7" },
    { url = "https://us-python.pkg.dev/artifact-foundry-prod/ah-3p-staging-python/protobuf/protobuf-7.34.1-cp310-abi3-manylinux2014_aarch64.whl", hash = "sha256:5185e0e948d07abe94bb76ec9b8416b604cfe5da6f871d67aad30cbf24c3110b" },
    { url = "https://us-python.pkg.dev/artifact-foundry-prod/ah-3p-staging-python/protobuf/protobuf-7.34.1-cp310-abi3-manylinux2014_s390x.whl", hash = "sha256:403b093a6e28a960372b44e5eb081775c9b056e816a8029c61231743d63f881a" },
    { url = "https://us-python.pkg.dev/artifact-foundry-prod/ah-3p-staging-python/protobuf/protobuf-7.34.1-cp310-abi3-manylinux2014_x86_64.whl", hash = "sha256:8ff40ce8cd688f7265326b38d5a1bed9bfdf5e6723d49961432f83e21d5713e4" },
    { url = "https://us-python.pkg.dev/artifact-foundry-prod/ah-3p-staging-python/protobuf/protobuf-7.34.1-cp310-abi3-win32.whl", hash = "sha256:34b84ce27680df7cca9f231043ada0daa55d0c44a2ddfaa58ec1d0d89d8bf60a" },
    { url = "https://us-python.pkg.dev/artifact-foundry-prod/ah-3p-staging-python/protobuf/protobuf-7.34.1-cp310-abi3-win_amd64.whl", hash = "sha256:e97b55646e6ce5cbb0954a8c28cd39a5869b59090dfaa7df4598a7fba869468c" },
    { url = "https://us-python.pkg.dev/artifact-foundry-prod/ah-3p-staging-python/protobuf/protobuf-7.34.1-py3-none-any.whl", hash = "sha256:bb3812cd53aefea2b028ef42bd780f5b96407247f20c6ef7c679807e9d188f11" },
]

[[package]]
name = "python-dateutil"
version = "2.9.0.post0"
source = { registry = "https://us-python.pkg.dev/artifact-foundry-prod/ah-3p-staging-python/simple/" }
dependencies = [
    { name = "six" },
]
sdist = { url = "https://us-python.pkg.dev/artifact-foundry-prod/ah-3p-staging-python/python-dateutil/python-dateutil-2.9.0.post0.tar.gz", hash = "sha256:37dd54208da7e1cd875388217d5e00ebd4179249f90fb72437e91a35459a0ad3" }
wheels = [
    { url = "https://us-python.pkg.dev/artifact-foundry-prod/ah-3p-staging-python/python-dateutil/python_dateutil-2.9.0.post0-py2.py3-none-any.whl", hash = "sha256:a8b2bc7bffae282281c8140a97d3aa9c14da0b136dfe83f850eea9a5f7470427" },
]

[[package]]
name = "regex"
version = "2026.4.4"
source = { registry = "https://us-python.pkg.dev/artifact-foundry-prod/ah-3p-staging-python/simple/" }
sdist = { url = "https://us-python.pkg.dev/artifact-foundry-prod/ah-3p-staging-python/regex/regex-2026.4.4.tar.gz", hash = "sha256:e08270659717f6973523ce3afbafa53515c4dc5dcad637dc215b6fd50f689423" }
wheels = [
    { url = "https://us-python.pkg.dev/artifact-foundry-prod/ah-3p-staging-python/regex/regex-2026.4.4-cp311-cp311-macosx_10_9_universal2.whl", hash = "sha256:b4c36a85b00fadb85db9d9e90144af0a980e1a3d2ef9cd0f8a5bef88054657c6" },
    { url = "https://us-python.pkg.dev/artifact-foundry-prod/ah-3p-staging-python/regex/regex-2026.4.4-cp311-cp311-macosx_10_9_x86_64.whl", hash = "sha256:dcb5453ecf9cd58b562967badd1edbf092b0588a3af9e32ee3d05c985077ce87" },
    { url = "https://us-python.pkg.dev/artifact-foundry-prod/ah-3p-staging-python/regex/regex-2026.4.4-cp311-cp311-macosx_11_0_arm64.whl", hash = "sha256:6aa809ed4dc3706cc38594d67e641601bd2f36d5555b2780ff074edfcb136cf8" },
    { url = "https://us-python.pkg.dev/artifact-foundry-prod/ah-3p-staging-python/regex/regex-2026.4.4-cp311-cp311-manylinux2014_aarch64.manylinux_2_17_aarch64.manylinux_2_28_aarch64.whl", hash = "sha256:33424f5188a7db12958246a54f59a435b6cb62c5cf9c8d71f7cc49475a5fdada" },
    { url = "https://us-python.pkg.dev/artifact-foundry-prod/ah-3p-staging-python/regex/regex-2026.4.4-cp311-cp311-manylinux2014_ppc64le.manylinux_2_17_ppc64le.manylinux_2_28_ppc64le.whl", hash = "sha256:7d346fccdde28abba117cc9edc696b9518c3307fbfcb689e549d9b5979018c6d" },
    { url = "https://us-python.pkg.dev/artifact-foundry-prod/ah-3p-staging-python/regex/regex-2026.4.4-cp311-cp311-manylinux2014_s390x.manylinux_2_17_s390x.manylinux_2_28_s390x.whl", hash = "sha256:415a994b536440f5011aa77e50a4274d15da3245e876e5c7f19da349caaedd87" },
    { url = "https://us-python.pkg.dev/artifact-foundry-prod/ah-3p-staging-python/regex/regex-2026.4.4-cp311-cp311-manylinux2014_x86_64.manylinux_2_17_x86_64.manylinux_2_28_x86_64.whl", hash = "sha256:21e5eb86179b4c67b5759d452ea7c48eb135cd93308e7a260aa489ed2eb423a4" },
    { url = "https://us-python.pkg.dev/artifact-foundry-prod/ah-3p-staging-python/regex/regex-2026.4.4-cp311-cp311-manylinux_2_31_riscv64.manylinux_2_39_riscv64.whl", hash = "sha256:312ec9dd1ae7d96abd8c5a36a552b2139931914407d26fba723f9e53c8186f86" },
    { url = "https://us-python.pkg.dev/artifact-foundry-prod/ah-3p-staging-python/regex/regex-2026.4.4-cp311-cp311-musllinux_1_2_aarch64.whl", hash = "sha256:a0d2b28aa1354c7cd7f71b7658c4326f7facac106edd7f40eda984424229fd59" },
    { url = "https://us-python.pkg.dev/artifact-foundry-prod/ah-3p-staging-python/regex/regex-2026.4.4-cp311-cp311-musllinux_1_2_ppc64le.whl", hash = "sha256:349d7310eddff40429a099c08d995c6d4a4bfaf3ff40bd3b5e5cb5a5a3c7d453" },
    { url = "https://us-python.pkg.dev/artifact-foundry-prod/ah-3p-staging-python/regex/regex-2026.4.4-cp311-cp311-musllinux_1_2_riscv64.whl", hash = "sha256:e7ab63e9fe45a9ec3417509e18116b367e89c9ceb6219222a3396fa30b147f80" },
    { url = "https://us-python.pkg.dev/artifact-foundry-prod/ah-3p-staging-python/regex/regex-2026.4.4-cp311-cp311-musllinux_1_2_s390x.whl", hash = "sha256:fe896e07a5a2462308297e515c0054e9ec2dd18dfdc9427b19900b37dfe6f40b" },
    { url = "https://us-python.pkg.dev/artifact-foundry-prod/ah-3p-staging-python/regex/regex-2026.4.4-cp311-cp311-musllinux_1_2_x86_64.whl", hash = "sha256:eb59c65069498dbae3c0ef07bbe224e1eaa079825a437fb47a479f0af11f774f" },
    { url = "https://us-python.pkg.dev/artifact-foundry-prod/ah-3p-staging-python/regex/regex-2026.4.4-cp311-cp311-win32.whl", hash = "sha256:2a5d273181b560ef8397c8825f2b9d57013de744da9e8257b8467e5da8599351" },
    { url = "https://us-python.pkg.dev/artifact-foundry-prod/ah-3p-staging-python/regex/regex-2026.4.4-cp311-cp311-win_amd64.whl", hash = "sha256:9542ccc1e689e752594309444081582f7be2fdb2df75acafea8a075108566735" },
    { url = "https://us-python.pkg.dev/artifact-foundry-prod/ah-3p-staging-python/regex/regex-2026.4.4-cp311-cp311-win_arm64.whl", hash = "sha256:b5f9fb784824a042be3455b53d0b112655686fdb7a91f88f095f3fee1e2a2a54" },
    { url = "https://us-python.pkg.dev/artifact-foundry-prod/ah-3p-staging-python/regex/regex-2026.4.4-cp312-cp312-macosx_10_13_universal2.whl", hash = "sha256:c07ab8794fa929e58d97a0e1796b8b76f70943fa39df225ac9964615cf1f9d52" },
    { url = "https://us-python.pkg.dev/artifact-foundry-prod/ah-3p-staging-python/regex/regex-2026.4.4-cp312-cp312-macosx_10_13_x86_64.whl", hash = "sha256:2c785939dc023a1ce4ec09599c032cc9933d258a998d16ca6f2b596c010940eb" },
    { url = "https://us-python.pkg.dev/artifact-foundry-prod/ah-3p-staging-python/regex/regex-2026.4.4-cp312-cp312-macosx_11_0_arm64.whl", hash = "sha256:1b1ce5c81c9114f1ce2f9288a51a8fd3aeea33a0cc440c415bf02da323aa0a76" },
    { url = "https://us-python.pkg.dev/artifact-foundry-prod/ah-3p-staging-python/regex/regex-2026.4.4-cp312-cp312-manylinux2014_aarch64.manylinux_2_17_aarch64.manylinux_2_28_aarch64.whl", hash = "sha256:760ef21c17d8e6a4fe8cf406a97cf2806a4df93416ccc82fc98d25b1c20425be" },
    { url = "https://us-python.pkg.dev/artifact-foundry-prod/ah-3p-staging-python/regex/regex-2026.4.4-cp312-cp312-manylinux2014_ppc64le.manylinux_2_17_ppc64le.manylinux_2_28_ppc64le.whl", hash = "sha256:7088fcdcb604a4417c208e2169715800d28838fefd7455fbe40416231d1d47c1" },
    { url = "https://us-python.pkg.dev/artifact-foundry-prod/ah-3p-staging-python/regex/regex-2026.4.4-cp312-cp312-manylinux2014_s390x.manylinux_2_17_s390x.manylinux_2_28_s390x.whl", hash = "sha256:07edca1ba687998968f7db5bc355288d0c6505caa7374f013d27356d93976d13" },
    { url = "https://us-python.pkg.dev/artifact-foundry-prod/ah-3p-staging-python/regex/regex-2026.4.4-cp312-cp312-manylinux2014_x86_64.manylinux_2_17_x86_64.manylinux_2_28_x86_64.whl", hash = "sha256:993f657a7c1c6ec51b5e0ba97c9817d06b84ea5fa8d82e43b9405de0defdc2b9" },
    { url = "https://us-python.pkg.dev/artifact-foundry-prod/ah-3p-staging-python/regex/regex-2026.4.4-cp312-cp312-manylinux_2_31_riscv64.manylinux_2_39_riscv64.whl", hash = "sha256:2b69102a743e7569ebee67e634a69c4cb7e59d6fa2e1aa7d3bdbf3f61435f62d" },
    { url = "https://us-python.pkg.dev/artifact-foundry-prod/ah-3p-staging-python/regex/regex-2026.4.4-cp312-cp312-musllinux_1_2_aarch64.whl", hash = "sha256:6dac006c8b6dda72d86ea3d1333d45147de79a3a3f26f10c1cf9287ca4ca0ac3" },
    { url = "https://us-python.pkg.dev/artifact-foundry-prod/ah-3p-staging-python/regex/regex-2026.4.4-cp312-cp312-musllinux_1_2_ppc64le.whl", hash = "sha256:50a766ee2010d504554bfb5f578ed2e066898aa26411d57e6296230627cdefa0" },
    { url = "https://us-python.pkg.dev/artifact-foundry-prod/ah-3p-staging-python/regex/regex-2026.4.4-cp312-cp312-musllinux_1_2_riscv64.whl", hash = "sha256:9e2f5217648f68e3028c823df58663587c1507a5ba8419f4fdfc8a461be76043" },
    { url = "https://us-python.pkg.dev/artifact-foundry-prod/ah-3p-staging-python/regex/regex-2026.4.4-cp312-cp312-musllinux_1_2_s390x.whl", hash = "sha256:39d8de85a08e32632974151ba59c6e9140646dcc36c80423962b1c5c0a92e244" },
    { url = "https://us-python.pkg.dev/artifact-foundry-prod/ah-3p-staging-python/regex/regex-2026.4.4-cp312-cp312-musllinux_1_2_x86_64.whl", hash = "sha256:55d9304e0e7178dfb1e106c33edf834097ddf4a890e2f676f6c5118f84390f73" },
    { url = "https://us-python.pkg.dev/artifact-foundry-prod/ah-3p-staging-python/regex/regex-2026.4.4-cp312-cp312-win32.whl", hash = "sha256:04bb679bc0bde8a7bfb71e991493d47314e7b98380b083df2447cda4b6edb60f" },
    { url = "https://us-python.pkg.dev/artifact-foundry-prod/ah-3p-staging-python/regex/regex-2026.4.4-cp312-cp312-win_amd64.whl", hash = "sha256:db0ac18435a40a2543dbb3d21e161a6c78e33e8159bd2e009343d224bb03bb1b" },
    { url = "https://us-python.pkg.dev/artifact-foundry-prod/ah-3p-staging-python/regex/regex-2026.4.4-cp312-cp312-win_arm64.whl", hash = "sha256:4ce255cc05c1947a12989c6db801c96461947adb7a59990f1360b5983fab4983" },
    { url = "https://us-python.pkg.dev/artifact-foundry-prod/ah-3p-staging-python/regex/regex-2026.4.4-cp313-cp313-macosx_10_13_universal2.whl", hash = "sha256:62f5519042c101762509b1d717b45a69c0139d60414b3c604b81328c01bd1943" },
    { url = "https://us-python.pkg.dev/artifact-foundry-prod/ah-3p-staging-python/regex/regex-2026.4.4-cp313-cp313-macosx_10_13_x86_64.whl", hash = "sha256:3790ba9fb5dd76715a7afe34dbe603ba03f8820764b1dc929dd08106214ed031" },
    { url = "https://us-python.pkg.dev/artifact-foundry-prod/ah-3p-staging-python/regex/regex-2026.4.4-cp313-cp313-macosx_11_0_arm64.whl", hash = "sha256:8fae3c6e795d7678963f2170152b0d892cf6aee9ee8afc8c45e6be38d5107fe7" },
    { url = "https://us-python.pkg.dev/artifact-foundry-prod/ah-3p-staging-python/regex/regex-2026.4.4-cp313-cp313-manylinux2014_aarch64.manylinux_2_17_aarch64.manylinux_2_28_aarch64.whl", hash = "sha256:298c3ec2d53225b3bf91142eb9691025bab610e0c0c51592dde149db679b3d17" },
    { url = "https://us-python.pkg.dev/artifact-foundry-prod/ah-3p-staging-python/regex/regex-2026.4.4-cp313-cp313-manylinux2014_ppc64le.manylinux_2_17_ppc64le.manylinux_2_28_ppc64le.whl", hash = "sha256:e9638791082eaf5b3ac112c587518ee78e083a11c4b28012d8fe2a0f536dfb17" },
    { url = "https://us-python.pkg.dev/artifact-foundry-prod/ah-3p-staging-python/regex/regex-2026.4.4-cp313-cp313-manylinux2014_s390x.manylinux_2_17_s390x.manylinux_2_28_s390x.whl", hash = "sha256:ae3e764bd4c5ff55035dc82a8d49acceb42a5298edf6eb2fc4d328ee5dd7afae" },
    { url = "https://us-python.pkg.dev/artifact-foundry-prod/ah-3p-staging-python/regex/regex-2026.4.4-cp313-cp313-manylinux2014_x86_64.manylinux_2_17_x86_64.manylinux_2_28_x86_64.whl", hash = "sha256:ffa81f81b80047ba89a3c69ae6a0f78d06f4a42ce5126b0eb2a0a10ad44e0b2e" },
    { url = "https://us-python.pkg.dev/artifact-foundry-prod/ah-3p-staging-python/regex/regex-2026.4.4-cp313-cp313-manylinux_2_31_riscv64.manylinux_2_39_riscv64.whl", hash = "sha256:f56ebf9d70305307a707911b88469213630aba821e77de7d603f9d2f0730687d" },
    { url = "https://us-python.pkg.dev/artifact-foundry-prod/ah-3p-staging-python/regex/regex-2026.4.4-cp313-cp313-musllinux_1_2_aarch64.whl", hash = "sha256:773d1dfd652bbffb09336abf890bfd64785c7463716bf766d0eb3bc19c8b7f27" },
    { url = "https://us-python.pkg.dev/artifact-foundry-prod/ah-3p-staging-python/regex/regex-2026.4.4-cp313-cp313-musllinux_1_2_ppc64le.whl", hash = "sha256:d51d20befd5275d092cdffba57ded05f3c436317ee56466c8928ac32d960edaf" },
    { url = "https://us-python.pkg.dev/artifact-foundry-prod/ah-3p-staging-python/regex/regex-2026.4.4-cp313-cp313-musllinux_1_2_riscv64.whl", hash = "sha256:0a51cdb3c1e9161154f976cb2bef9894bc063ac82f31b733087ffb8e880137d0" },
    { url = "https://us-python.pkg.dev/artifact-foundry-prod/ah-3p-staging-python/regex/regex-2026.4.4-cp313-cp313-musllinux_1_2_s390x.whl", hash = "sha256:ae5266a82596114e41fb5302140e9630204c1b5f325c770bec654b95dd54b0aa" },
    { url = "https://us-python.pkg.dev/artifact-foundry-prod/ah-3p-staging-python/regex/regex-2026.4.4-cp313-cp313-musllinux_1_2_x86_64.whl", hash = "sha256:c882cd92ec68585e9c1cf36c447ec846c0d94edd706fe59e0c198e65822fd23b" },
    { url = "https://us-python.pkg.dev/artifact-foundry-prod/ah-3p-staging-python/regex/regex-2026.4.4-cp313-cp313-win32.whl", hash = "sha256:05568c4fbf3cb4fa9e28e3af198c40d3237cf6041608a9022285fe567ec3ad62" },
    { url = "https://us-python.pkg.dev/artifact-foundry-prod/ah-3p-staging-python/regex/regex-2026.4.4-cp313-cp313-win_amd64.whl", hash = "sha256:3384df51ed52db0bea967e21458ab0a414f67cdddfd94401688274e55147bb81" },
    { url = "https://us-python.pkg.dev/artifact-foundry-prod/ah-3p-staging-python/regex/regex-2026.4.4-cp313-cp313-win_arm64.whl", hash = "sha256:acd38177bd2c8e69a411d6521760806042e244d0ef94e2dd03ecdaa8a3c99427" },
    { url = "https://us-python.pkg.dev/artifact-foundry-prod/ah-3p-staging-python/regex/regex-2026.4.4-cp313-cp313t-macosx_10_13_universal2.whl", hash = "sha256:f94a11a9d05afcfcfa640e096319720a19cc0c9f7768e1a61fceee6a3afc6c7c" },
    { url = "https://us-python.pkg.dev/artifact-foundry-prod/ah-3p-staging-python/regex/regex-2026.4.4-cp313-cp313t-macosx_10_13_x86_64.whl", hash = "sha256:36bcb9d6d1307ab629edc553775baada2aefa5c50ccc0215fbfd2afcfff43141" },
    { url = "https://us-python.pkg.dev/artifact-foundry-prod/ah-3p-staging-python/regex/regex-2026.4.4-cp313-cp313t-macosx_11_0_arm64.whl", hash = "sha256:261c015b3e2ed0919157046d768774ecde57f03d8fa4ba78d29793447f70e717" },
    { url = "https://us-python.pkg.dev/artifact-foundry-prod/ah-3p-staging-python/regex/regex-2026.4.4-cp313-cp313t-manylinux2014_aarch64.manylinux_2_17_aarch64.manylinux_2_28_aarch64.whl", hash = "sha256:c228cf65b4a54583763645dcd73819b3b381ca8b4bb1b349dee1c135f4112c07" },
    { url = "https://us-python.pkg.dev/artifact-foundry-prod/ah-3p-staging-python/regex/regex-2026.4.4-cp313-cp313t-manylinux2014_ppc64le.manylinux_2_17_ppc64le.manylinux_2_28_ppc64le.whl", hash = "sha256:dd2630faeb6876fb0c287f664d93ddce4d50cd46c6e88e60378c05c9047e08ca" },
    { url = "https://us-python.pkg.dev/artifact-foundry-prod/ah-3p-staging-python/regex/regex-2026.4.4-cp313-cp313t-manylinux2014_s390x.manylinux_2_17_s390x.manylinux_2_28_s390x.whl", hash = "sha256:6a50ab11b7779b849472337191f3a043e27e17f71555f98d0092fa6d73364520" },
    { url = "https://us-python.pkg.dev/artifact-foundry-prod/ah-3p-staging-python/regex/regex-2026.4.4-cp313-cp313t-manylinux2014_x86_64.manylinux_2_17_x86_64.manylinux_2_28_x86_64.whl", hash = "sha256:0734f63afe785138549fbe822a8cfeaccd1bae814c5057cc0ed5b9f2de4fc883" },
    { url = "https://us-python.pkg.dev/artifact-foundry-prod/ah-3p-staging-python/regex/regex-2026.4.4-cp313-cp313t-manylinux_2_31_riscv64.manylinux_2_39_riscv64.whl", hash = "sha256:c4ee50606cb1967db7e523224e05f32089101945f859928e65657a2cbb3d278b" },
    { url = "https://us-python.pkg.dev/artifact-foundry-prod/ah-3p-staging-python/regex/regex-2026.4.4-cp313-cp313t-musllinux_1_2_aarch64.whl", hash = "sha256:6c1818f37be3ca02dcb76d63f2c7aaba4b0dc171b579796c6fbe00148dfec6b1" },
    { url = "https://us-python.pkg.dev/artifact-foundry-prod/ah-3p-staging-python/regex/regex-2026.4.4-cp313-cp313t-musllinux_1_2_ppc64le.whl", hash = "sha256:f5bfc2741d150d0be3e4a0401a5c22b06e60acb9aa4daa46d9e79a6dcd0f135b" },
    { url = "https://us-python.pkg.dev/artifact-foundry-prod/ah-3p-staging-python/regex/regex-2026.4.4-cp313-cp313t-musllinux_1_2_riscv64.whl", hash = "sha256:504ffa8a03609a087cad81277a629b6ce884b51a24bd388a7980ad61748618ff" },
    { url = "https://us-python.pkg.dev/artifact-foundry-prod/ah-3p-staging-python/regex/regex-2026.4.4-cp313-cp313t-musllinux_1_2_s390x.whl", hash = "sha256:70aadc6ff12e4b444586e57fc30771f86253f9f0045b29016b9605b4be5f7dfb" },
    { url = "https://us-python.pkg.dev/artifact-foundry-prod/ah-3p-staging-python/regex/regex-2026.4.4-cp313-cp313t-musllinux_1_2_x86_64.whl", hash = "sha256:f4f83781191007b6ef43b03debc35435f10cad9b96e16d147efe84a1d48bdde4" },
    { url = "https://us-python.pkg.dev/artifact-foundry-prod/ah-3p-staging-python/regex/regex-2026.4.4-cp313-cp313t-win32.whl", hash = "sha256:e014a797de43d1847df957c0a2a8e861d1c17547ee08467d1db2c370b7568baa" },
    { url = "https://us-python.pkg.dev/artifact-foundry-prod/ah-3p-staging-python/regex/regex-2026.4.4-cp313-cp313t-win_amd64.whl", hash = "sha256:b15b88b0d52b179712632832c1d6e58e5774f93717849a41096880442da41ab0" },
    { url = "https://us-python.pkg.dev/artifact-foundry-prod/ah-3p-staging-python/regex/regex-2026.4.4-cp313-cp313t-win_arm64.whl", hash = "sha256:586b89cdadf7d67bf86ae3342a4dcd2b8d70a832d90c18a0ae955105caf34dbe" },
    { url = "https://us-python.pkg.dev/artifact-foundry-prod/ah-3p-staging-python/regex/regex-2026.4.4-cp314-cp314-macosx_10_13_universal2.whl", hash = "sha256:2da82d643fa698e5e5210e54af90181603d5853cf469f5eedf9bfc8f59b4b8c7" },
    { url = "https://us-python.pkg.dev/artifact-foundry-prod/ah-3p-staging-python/regex/regex-2026.4.4-cp314-cp314-macosx_10_13_x86_64.whl", hash = "sha256:54a1189ad9d9357760557c91103d5e421f0a2dabe68a5cdf9103d0dcf4e00752" },
    { url = "https://us-python.pkg.dev/artifact-foundry-prod/ah-3p-staging-python/regex/regex-2026.4.4-cp314-cp314-macosx_11_0_arm64.whl", hash = "sha256:76d67d5afb1fe402d10a6403bae668d000441e2ab115191a804287d53b772951" },
    { url = "https://us-python.pkg.dev/artifact-foundry-prod/ah-3p-staging-python/regex/regex-2026.4.4-cp314-cp314-manylinux2014_aarch64.manylinux_2_17_aarch64.manylinux_2_28_aarch64.whl", hash = "sha256:e7cd3e4ee8d80447a83bbc9ab0c8459781fa77087f856c3e740d7763be0df27f" },
    { url = "https://us-python.pkg.dev/artifact-foundry-prod/ah-3p-staging-python/regex/regex-2026.4.4-cp314-cp314-manylinux2014_ppc64le.manylinux_2_17_ppc64le.manylinux_2_28_ppc64le.whl", hash = "sha256:2e19e18c568d2866d8b6a6dfad823db86193503f90823a8f66689315ba28fbe8" },
    { url = "https://us-python.pkg.dev/artifact-foundry-prod/ah-3p-staging-python/regex/regex-2026.4.4-cp314-cp314-manylinux2014_s390x.manylinux_2_17_s390x.manylinux_2_28_s390x.whl", hash = "sha256:7698a6f38730fd1385d390d1ed07bb13dce39aa616aca6a6d89bea178464b9a4" },
    { url = "https://us-python.pkg.dev/artifact-foundry-prod/ah-3p-staging-python/regex/regex-2026.4.4-cp314-cp314-manylinux2014_x86_64.manylinux_2_17_x86_64.manylinux_2_28_x86_64.whl", hash = "sha256:173a66f3651cdb761018078e2d9487f4cf971232c990035ec0eb1cdc6bf929a9" },
    { url = "https://us-python.pkg.dev/artifact-foundry-prod/ah-3p-staging-python/regex/regex-2026.4.4-cp314-cp314-manylinux_2_31_riscv64.manylinux_2_39_riscv64.whl", hash = "sha256:fa7922bbb2cc84fa062d37723f199d4c0cd200245ce269c05db82d904db66b83" },
    { url = "https://us-python.pkg.dev/artifact-foundry-prod/ah-3p-staging-python/regex/regex-2026.4.4-cp314-cp314-musllinux_1_2_aarch64.whl", hash = "sha256:59f67cd0a0acaf0e564c20bbd7f767286f23e91e2572c5703bf3e56ea7557edb" },
    { url = "https://us-python.pkg.dev/artifact-foundry-prod/ah-3p-staging-python/regex/regex-2026.4.4-cp314-cp314-musllinux_1_2_ppc64le.whl", hash = "sha256:475e50f3f73f73614f7cba5524d6de49dee269df00272a1b85e3d19f6d498465" },
    { url = "https://us-python.pkg.dev/artifact-foundry-prod/ah-3p-staging-python/regex/regex-2026.4.4-cp314-cp314-musllinux_1_2_riscv64.whl", hash = "sha256:a1c0c7d67b64d85ac2e1879923bad2f08a08f3004055f2f406ef73c850114bd4" },
    { url = "https://us-python.pkg.dev/artifact-foundry-prod/ah-3p-staging-python/regex/regex-2026.4.4-cp314-cp314-musllinux_1_2_s390x.whl", hash = "sha256:1371c2ccbb744d66ee63631cc9ca12aa233d5749972626b68fe1a649dd98e566" },
    { url = "https://us-python.pkg.dev/artifact-foundry-prod/ah-3p-staging-python/regex/regex-2026.4.4-cp314-cp314-musllinux_1_2_x86_64.whl", hash = "sha256:59968142787042db793348a3f5b918cf24ced1f23247328530e063f89c128a95" },
    { url = "https://us-python.pkg.dev/artifact-foundry-prod/ah-3p-staging-python/regex/regex-2026.4.4-cp314-cp314-win32.whl", hash = "sha256:59efe72d37fd5a91e373e5146f187f921f365f4abc1249a5ab446a60f30dd5f8" },
    { url = "https://us-python.pkg.dev/artifact-foundry-prod/ah-3p-staging-python/regex/regex-2026.4.4-cp314-cp314-win_amd64.whl", hash = "sha256:e0aab3ff447845049d676827d2ff714aab4f73f340e155b7de7458cf53baa5a4" },
    { url = "https://us-python.pkg.dev/artifact-foundry-prod/ah-3p-staging-python/regex/regex-2026.4.4-cp314-cp314-win_arm64.whl", hash = "sha256:a7a5bb6aa0cf62208bb4fa079b0c756734f8ad0e333b425732e8609bd51ee22f" },
    { url = "https://us-python.pkg.dev/artifact-foundry-prod/ah-3p-staging-python/regex/regex-2026.4.4-cp314-cp314t-macosx_10_13_universal2.whl", hash = "sha256:97850d0638391bdc7d35dc1c1039974dcb921eaafa8cc935ae4d7f272b1d60b3" },
    { url = "https://us-python.pkg.dev/artifact-foundry-prod/ah-3p-staging-python/regex/regex-2026.4.4-cp314-cp314t-macosx_10_13_x86_64.whl", hash = "sha256:ee7337f88f2a580679f7bbfe69dc86c043954f9f9c541012f49abc554a962f2e" },
    { url = "https://us-python.pkg.dev/artifact-foundry-prod/ah-3p-staging-python/regex/regex-2026.4.4-cp314-cp314t-macosx_11_0_arm64.whl", hash = "sha256:7429f4e6192c11d659900c0648ba8776243bf396ab95558b8c51a345afeddde6" },
    { url = "https://us-python.pkg.dev/artifact-foundry-prod/ah-3p-staging-python/regex/regex-2026.4.4-cp314-cp314t-manylinux2014_aarch64.manylinux_2_17_aarch64.manylinux_2_28_aarch64.whl", hash = "sha256:dc4f10fbd5dd13dcf4265b4cc07d69ca70280742870c97ae10093e3d66000359" },
    { url = "https://us-python.pkg.dev/artifact-foundry-prod/ah-3p-staging-python/regex/regex-2026.4.4-cp314-cp314t-manylinux2014_ppc64le.manylinux_2_17_ppc64le.manylinux_2_28_ppc64le.whl", hash = "sha256:a152560af4f9742b96f3827090f866eeec5becd4765c8e0d3473d9d280e76a5a" },
    { url = "https://us-python.pkg.dev/artifact-foundry-prod/ah-3p-staging-python/regex/regex-2026.4.4-cp314-cp314t-manylinux2014_s390x.manylinux_2_17_s390x.manylinux_2_28_s390x.whl", hash = "sha256:54170b3e95339f415d54651f97df3bff7434a663912f9358237941bbf9143f55" },
    { url = "https://us-python.pkg.dev/artifact-foundry-prod/ah-3p-staging-python/regex/regex-2026.4.4-cp314-cp314t-manylinux2014_x86_64.manylinux_2_17_x86_64.manylinux_2_28_x86_64.whl", hash = "sha256:07f190d65f5a72dcb9cf7106bfc3d21e7a49dd2879eda2207b683f32165e4d99" },
    { url = "https://us-python.pkg.dev/artifact-foundry-prod/ah-3p-staging-python/regex/regex-2026.4.4-cp314-cp314t-manylinux_2_31_riscv64.manylinux_2_39_riscv64.whl", hash = "sha256:9a2741ce5a29d3c84b0b94261ba630ab459a1b847a0d6beca7d62d188175c790" },
    { url = "https://us-python.pkg.dev/artifact-foundry-prod/ah-3p-staging-python/regex/regex-2026.4.4-cp314-cp314t-musllinux_1_2_aarch64.whl", hash = "sha256:b26c30df3a28fd9793113dac7385a4deb7294a06c0f760dd2b008bd49a9139bc" },
    { url = "https://us-python.pkg.dev/artifact-foundry-prod/ah-3p-staging-python/regex/regex-2026.4.4-cp314-cp314t-musllinux_1_2_ppc64le.whl", hash = "sha256:421439d1bee44b19f4583ccf42670ca464ffb90e9fdc38d37f39d1ddd1e44f1f" },
    { url = "https://us-python.pkg.dev/artifact-foundry-prod/ah-3p-staging-python/regex/regex-2026.4.4-cp314-cp314t-musllinux_1_2_riscv64.whl", hash = "sha256:b40379b53ecbc747fd9bdf4a0ea14eb8188ca1bd0f54f78893a39024b28f4863" },
    { url = "https://us-python.pkg.dev/artifact-foundry-prod/ah-3p-staging-python/regex/regex-2026.4.4-cp314-cp314t-musllinux_1_2_s390x.whl", hash = "sha256:08c55c13d2eef54f73eeadc33146fb0baaa49e7335eb1aff6ae1324bf0ddbe4a" },
    { url = "https://us-python.pkg.dev/artifact-foundry-prod/ah-3p-staging-python/regex/regex-2026.4.4-cp314-cp314t-musllinux_1_2_x86_64.whl", hash = "sha256:9776b85f510062f5a75ef112afe5f494ef1635607bf1cc220c1391e9ac2f5e81" },
    { url = "https://us-python.pkg.dev/artifact-foundry-prod/ah-3p-staging-python/regex/regex-2026.4.4-cp314-cp314t-win32.whl", hash = "sha256:385edaebde5db5be103577afc8699fea73a0e36a734ba24870be7ffa61119d74" },
    { url = "https://us-python.pkg.dev/artifact-foundry-prod/ah-3p-staging-python/regex/regex-2026.4.4-cp314-cp314t-win_amd64.whl", hash = "sha256:5d354b18839328927832e2fa5f7c95b7a3ccc39e7a681529e1685898e6436d45" },
    { url = "https://us-python.pkg.dev/artifact-foundry-prod/ah-3p-staging-python/regex/regex-2026.4.4-cp314-cp314t-win_arm64.whl", hash = "sha256:af0384cb01a33600c49505c27c6c57ab0b27bf84a74e28524c92ca897ebdac9d" },
]

[[package]]
name = "six"
version = "1.17.0"
source = { registry = "https://us-python.pkg.dev/artifact-foundry-prod/ah-3p-staging-python/simple/" }
sdist = { url = "https://us-python.pkg.dev/artifact-foundry-prod/ah-3p-staging-python/six/six-1.17.0.tar.gz", hash = "sha256:ff70335d468e7eb6ec65b95b99d3a2836546063f63acc5171de367e834932a81" }
wheels = [
    { url = "https://us-python.pkg.dev/artifact-foundry-prod/ah-3p-staging-python/six/six-1.17.0-py2.py3-none-any.whl", hash = "sha256:4721f391ed90541fddacab5acf947aa0d3dc7d27b2e1e8eda2be8970586c3274" },
]

[[package]]
name = "types-protobuf"
version = "7.34.1.20260408"
source = { registry = "https://us-python.pkg.dev/artifact-foundry-prod/ah-3p-staging-python/simple/" }
sdist = { url = "https://us-python.pkg.dev/artifact-foundry-prod/ah-3p-staging-python/types-protobuf/types_protobuf-7.34.1.20260408.tar.gz", hash = "sha256:e2c0a0430e08c75b52671a6f0035abfdcc791aad12af16274282de1b721758ab" }
wheels = [
    { url = "https://us-python.pkg.dev/artifact-foundry-prod/ah-3p-staging-python/types-protobuf/types_protobuf-7.34.1.20260408-py3-none-any.whl", hash = "sha256:ebbcd4e27b145aef6a59bc0cb6c013b3528151c1ba5e7f7337aeee355d276a5e" },
]
